// !$*UTF8*$!
{
	archiveVersion = 1;
	classes = {
	};
	objectVersion = 55;
	objects = {

/* Begin PBXBuildFile section */
		912316C72797F222001795CA /* MultipleSelection_NavigationView.swift in Sources */ = {isa = PBXBuildFile; fileRef = 912316C62797F222001795CA /* MultipleSelection_NavigationView.swift */; };
		912316C92797F2A6001795CA /* List_MultipleSelection_NoNavigation.swift in Sources */ = {isa = PBXBuildFile; fileRef = 912316C82797F2A6001795CA /* List_MultipleSelection_NoNavigation.swift */; };
		912316CB2797F2C1001795CA /* TestData.swift in Sources */ = {isa = PBXBuildFile; fileRef = 912316CA2797F2C1001795CA /* TestData.swift */; };
		915D20E1298E51B100CEB74E /* SingleSelection_NoNavigation.swift in Sources */ = {isa = PBXBuildFile; fileRef = 915D20E0298E51B100CEB74E /* SingleSelection_NoNavigation.swift */; };
		915D20E3298E51EF00CEB74E /* SingleSelection_NavigationView.swift in Sources */ = {isa = PBXBuildFile; fileRef = 915D20E2298E51EF00CEB74E /* SingleSelection_NavigationView.swift */; };
		915D20E5298E539400CEB74E /* MultipleSelection_NavigationSplitView.swift in Sources */ = {isa = PBXBuildFile; fileRef = 915D20E4298E539400CEB74E /* MultipleSelection_NavigationSplitView.swift */; };
		91717C642787800A00796FAB /* Test_ListSelectionApp.swift in Sources */ = {isa = PBXBuildFile; fileRef = 91717C632787800A00796FAB /* Test_ListSelectionApp.swift */; };
		91717C662787800A00796FAB /* ContentView.swift in Sources */ = {isa = PBXBuildFile; fileRef = 91717C652787800A00796FAB /* ContentView.swift */; };
		91717C682787800B00796FAB /* Assets.xcassets in Resources */ = {isa = PBXBuildFile; fileRef = 91717C672787800B00796FAB /* Assets.xcassets */; };
		91717C6B2787800B00796FAB /* Preview Assets.xcassets in Resources */ = {isa = PBXBuildFile; fileRef = 91717C6A2787800B00796FAB /* Preview Assets.xcassets */; };
/* End PBXBuildFile section */

/* Begin PBXFileReference section */
		912316C52797F0EC001795CA /* README.md */ = {isa = PBXFileReference; lastKnownFileType = net.daringfireball.markdown; path = README.md; sourceTree = "<group>"; };
		912316C62797F222001795CA /* MultipleSelection_NavigationView.swift */ = {isa = PBXFileReference; lastKnownFileType = sourcecode.swift; path = MultipleSelection_NavigationView.swift; sourceTree = "<group>"; };
		912316C82797F2A6001795CA /* List_MultipleSelection_NoNavigation.swift */ = {isa = PBXFileReference; lastKnownFileType = sourcecode.swift; path = List_MultipleSelection_NoNavigation.swift; sourceTree = "<group>"; };
		912316CA2797F2C1001795CA /* TestData.swift */ = {isa = PBXFileReference; lastKnownFileType = sourcecode.swift; path = TestData.swift; sourceTree = "<group>"; };
		915D20E0298E51B100CEB74E /* SingleSelection_NoNavigation.swift */ = {isa = PBXFileReference; lastKnownFileType = sourcecode.swift; path = SingleSelection_NoNavigation.swift; sourceTree = "<group>"; };
		915D20E2298E51EF00CEB74E /* SingleSelection_NavigationView.swift */ = {isa = PBXFileReference; lastKnownFileType = sourcecode.swift; path = SingleSelection_NavigationView.swift; sourceTree = "<group>"; };
		915D20E4298E539400CEB74E /* MultipleSelection_NavigationSplitView.swift */ = {isa = PBXFileReference; lastKnownFileType = sourcecode.swift; path = MultipleSelection_NavigationSplitView.swift; sourceTree = "<group>"; };
		91717C602787800A00796FAB /* Test_ListSelection.app */ = {isa = PBXFileReference; explicitFileType = wrapper.application; includeInIndex = 0; path = Test_ListSelection.app; sourceTree = BUILT_PRODUCTS_DIR; };
		91717C632787800A00796FAB /* Test_ListSelectionApp.swift */ = {isa = PBXFileReference; lastKnownFileType = sourcecode.swift; path = Test_ListSelectionApp.swift; sourceTree = "<group>"; };
		91717C652787800A00796FAB /* ContentView.swift */ = {isa = PBXFileReference; lastKnownFileType = sourcecode.swift; path = ContentView.swift; sourceTree = "<group>"; };
		91717C672787800B00796FAB /* Assets.xcassets */ = {isa = PBXFileReference; lastKnownFileType = folder.assetcatalog; path = Assets.xcassets; sourceTree = "<group>"; };
		91717C6A2787800B00796FAB /* Preview Assets.xcassets */ = {isa = PBXFileReference; lastKnownFileType = folder.assetcatalog; path = "Preview Assets.xcassets"; sourceTree = "<group>"; };
		91717C6C2787800B00796FAB /* Test_ListSelection.entitlements */ = {isa = PBXFileReference; lastKnownFileType = text.plist.entitlements; path = Test_ListSelection.entitlements; sourceTree = "<group>"; };
/* End PBXFileReference section */

/* Begin PBXFrameworksBuildPhase section */
		91717C5D2787800A00796FAB /* Frameworks */ = {
			isa = PBXFrameworksBuildPhase;
			buildActionMask = 2147483647;
			files = (
			);
			runOnlyForDeploymentPostprocessing = 0;
		};
/* End PBXFrameworksBuildPhase section */

/* Begin PBXGroup section */
		91717C572787800A00796FAB = {
			isa = PBXGroup;
			children = (
				912316C52797F0EC001795CA /* README.md */,
				91717C622787800A00796FAB /* Test_ListSelection */,
				91717C612787800A00796FAB /* Products */,
			);
			sourceTree = "<group>";
		};
		91717C612787800A00796FAB /* Products */ = {
			isa = PBXGroup;
			children = (
				91717C602787800A00796FAB /* Test_ListSelection.app */,
			);
			name = Products;
			sourceTree = "<group>";
		};
		91717C622787800A00796FAB /* Test_ListSelection */ = {
			isa = PBXGroup;
			children = (
				91717C632787800A00796FAB /* Test_ListSelectionApp.swift */,
				91717C652787800A00796FAB /* ContentView.swift */,
				915D20E0298E51B100CEB74E /* SingleSelection_NoNavigation.swift */,
				915D20E2298E51EF00CEB74E /* SingleSelection_NavigationView.swift */,
				912316C82797F2A6001795CA /* List_MultipleSelection_NoNavigation.swift */,
				912316C62797F222001795CA /* MultipleSelection_NavigationView.swift */,
				915D20E4298E539400CEB74E /* MultipleSelection_NavigationSplitView.swift */,
				912316CA2797F2C1001795CA /* TestData.swift */,
				91717C672787800B00796FAB /* Assets.xcassets */,
				91717C6C2787800B00796FAB /* Test_ListSelection.entitlements */,
				91717C692787800B00796FAB /* Preview Content */,
			);
			path = Test_ListSelection;
			sourceTree = "<group>";
		};
		91717C692787800B00796FAB /* Preview Content */ = {
			isa = PBXGroup;
			children = (
				91717C6A2787800B00796FAB /* Preview Assets.xcassets */,
			);
			path = "Preview Content";
			sourceTree = "<group>";
		};
/* End PBXGroup section */

/* Begin PBXNativeTarget section */
		91717C5F2787800A00796FAB /* Test_ListSelection */ = {
			isa = PBXNativeTarget;
			buildConfigurationList = 91717C6F2787800B00796FAB /* Build configuration list for PBXNativeTarget "Test_ListSelection" */;
			buildPhases = (
				91717C5C2787800A00796FAB /* Sources */,
				91717C5D2787800A00796FAB /* Frameworks */,
				91717C5E2787800A00796FAB /* Resources */,
			);
			buildRules = (
			);
			dependencies = (
			);
			name = Test_ListSelection;
			productName = Test_ListSelection;
			productReference = 91717C602787800A00796FAB /* Test_ListSelection.app */;
			productType = "com.apple.product-type.application";
		};
/* End PBXNativeTarget section */

/* Begin PBXProject section */
		91717C582787800A00796FAB /* Project object */ = {
			isa = PBXProject;
			attributes = {
				BuildIndependentTargetsInParallel = 1;
				LastSwiftUpdateCheck = 1320;
				LastUpgradeCheck = 1320;
				TargetAttributes = {
					91717C5F2787800A00796FAB = {
						CreatedOnToolsVersion = 13.2.1;
					};
				};
			};
			buildConfigurationList = 91717C5B2787800A00796FAB /* Build configuration list for PBXProject "Test_ListSelection" */;
			compatibilityVersion = "Xcode 13.0";
			developmentRegion = en;
			hasScannedForEncodings = 0;
			knownRegions = (
				en,
				Base,
			);
			mainGroup = 91717C572787800A00796FAB;
			productRefGroup = 91717C612787800A00796FAB /* Products */;
			projectDirPath = "";
			projectRoot = "";
			targets = (
				91717C5F2787800A00796FAB /* Test_ListSelection */,
			);
		};
/* End PBXProject section */

/* Begin PBXResourcesBuildPhase section */
		91717C5E2787800A00796FAB /* Resources */ = {
			isa = PBXResourcesBuildPhase;
			buildActionMask = 2147483647;
			files = (
				91717C6B2787800B00796FAB /* Preview Assets.xcassets in Resources */,
				91717C682787800B00796FAB /* Assets.xcassets in Resources */,
			);
			runOnlyForDeploymentPostprocessing = 0;
		};
/* End PBXResourcesBuildPhase section */

/* Begin PBXSourcesBuildPhase section */
		91717C5C2787800A00796FAB /* Sources */ = {
			isa = PBXSourcesBuildPhase;
			buildActionMask = 2147483647;
			files = (
				912316C72797F222001795CA /* MultipleSelection_NavigationView.swift in Sources */,
				912316C92797F2A6001795CA /* List_MultipleSelection_NoNavigation.swift in Sources */,
				915D20E1298E51B100CEB74E /* SingleSelection_NoNavigation.swift in Sources */,
				915D20E5298E539400CEB74E /* MultipleSelection_NavigationSplitView.swift in Sources */,
				91717C662787800A00796FAB /* ContentView.swift in Sources */,
				912316CB2797F2C1001795CA /* TestData.swift in Sources */,
				915D20E3298E51EF00CEB74E /* SingleSelection_NavigationView.swift in Sources */,
				91717C642787800A00796FAB /* Test_ListSelectionApp.swift in Sources */,
			);
			runOnlyForDeploymentPostprocessing = 0;
		};
/* End PBXSourcesBuildPhase section */

/* Begin XCBuildConfiguration section */
		91717C6D2787800B00796FAB /* Debug */ = {
			isa = XCBuildConfiguration;
			buildSettings = {
				ALWAYS_SEARCH_USER_PATHS = NO;
				CLANG_ANALYZER_NONNULL = YES;
				CLANG_ANALYZER_NUMBER_OBJECT_CONVERSION = YES_AGGRESSIVE;
				CLANG_CXX_LANGUAGE_STANDARD = "gnu++17";
				CLANG_CXX_LIBRARY = "libc++";
				CLANG_ENABLE_MODULES = YES;
				CLANG_ENABLE_OBJC_ARC = YES;
				CLANG_ENABLE_OBJC_WEAK = YES;
				CLANG_WARN_BLOCK_CAPTURE_AUTORELEASING = YES;
				CLANG_WARN_BOOL_CONVERSION = YES;
				CLANG_WARN_COMMA = YES;
				CLANG_WARN_CONSTANT_CONVERSION = YES;
				CLANG_WARN_DEPRECATED_OBJC_IMPLEMENTATIONS = YES;
				CLANG_WARN_DIRECT_OBJC_ISA_USAGE = YES_ERROR;
				CLANG_WARN_DOCUMENTATION_COMMENTS = YES;
				CLANG_WARN_EMPTY_BODY = YES;
				CLANG_WARN_ENUM_CONVERSION = YES;
				CLANG_WARN_INFINITE_RECURSION = YES;
				CLANG_WARN_INT_CONVERSION = YES;
				CLANG_WARN_NON_LITERAL_NULL_CONVERSION = YES;
				CLANG_WARN_OBJC_IMPLICIT_RETAIN_SELF = YES;
				CLANG_WARN_OBJC_LITERAL_CONVERSION = YES;
				CLANG_WARN_OBJC_ROOT_CLASS = YES_ERROR;
				CLANG_WARN_QUOTED_INCLUDE_IN_FRAMEWORK_HEADER = YES;
				CLANG_WARN_RANGE_LOOP_ANALYSIS = YES;
				CLANG_WARN_STRICT_PROTOTYPES = YES;
				CLANG_WARN_SUSPICIOUS_MOVE = YES;
				CLANG_WARN_UNGUARDED_AVAILABILITY = YES_AGGRESSIVE;
				CLANG_WARN_UNREACHABLE_CODE = YES;
				CLANG_WARN__DUPLICATE_METHOD_MATCH = YES;
				COPY_PHASE_STRIP = NO;
				DEBUG_INFORMATION_FORMAT = dwarf;
				ENABLE_STRICT_OBJC_MSGSEND = YES;
				ENABLE_TESTABILITY = YES;
				GCC_C_LANGUAGE_STANDARD = gnu11;
				GCC_DYNAMIC_NO_PIC = NO;
				GCC_NO_COMMON_BLOCKS = YES;
				GCC_OPTIMIZATION_LEVEL = 0;
				GCC_PREPROCESSOR_DEFINITIONS = (
					"DEBUG=1",
					"$(inherited)",
				);
				GCC_WARN_64_TO_32_BIT_CONVERSION = YES;
				GCC_WARN_ABOUT_RETURN_TYPE = YES_ERROR;
				GCC_WARN_UNDECLARED_SELECTOR = YES;
				GCC_WARN_UNINITIALIZED_AUTOS = YES_AGGRESSIVE;
				GCC_WARN_UNUSED_FUNCTION = YES;
				GCC_WARN_UNUSED_VARIABLE = YES;
				MACOSX_DEPLOYMENT_TARGET = 12.1;
				MTL_ENABLE_DEBUG_INFO = INCLUDE_SOURCE;
				MTL_FAST_MATH = YES;
				ONLY_ACTIVE_ARCH = YES;
				SDKROOT = macosx;
				SWIFT_ACTIVE_COMPILATION_CONDITIONS = DEBUG;
				SWIFT_OPTIMIZATION_LEVEL = "-Onone";
			};
			name = Debug;
		};
		91717C6E2787800B00796FAB /* Release */ = {
			isa = XCBuildConfiguration;
			buildSettings = {
				ALWAYS_SEARCH_USER_PATHS = NO;
				CLANG_ANALYZER_NONNULL = YES;
				CLANG_ANALYZER_NUMBER_OBJECT_CONVERSION = YES_AGGRESSIVE;
				CLANG_CXX_LANGUAGE_STANDARD = "gnu++17";
				CLANG_CXX_LIBRARY = "libc++";
				CLANG_ENABLE_MODULES = YES;
				CLANG_ENABLE_OBJC_ARC = YES;
				CLANG_ENABLE_OBJC_WEAK = YES;
				CLANG_WARN_BLOCK_CAPTURE_AUTORELEASING = YES;
				CLANG_WARN_BOOL_CONVERSION = YES;
				CLANG_WARN_COMMA = YES;
				CLANG_WARN_CONSTANT_CONVERSION = YES;
				CLANG_WARN_DEPRECATED_OBJC_IMPLEMENTATIONS = YES;
				CLANG_WARN_DIRECT_OBJC_ISA_USAGE = YES_ERROR;
				CLANG_WARN_DOCUMENTATION_COMMENTS = YES;
				CLANG_WARN_EMPTY_BODY = YES;
				CLANG_WARN_ENUM_CONVERSION = YES;
				CLANG_WARN_INFINITE_RECURSION = YES;
				CLANG_WARN_INT_CONVERSION = YES;
				CLANG_WARN_NON_LITERAL_NULL_CONVERSION = YES;
				CLANG_WARN_OBJC_IMPLICIT_RETAIN_SELF = YES;
				CLANG_WARN_OBJC_LITERAL_CONVERSION = YES;
				CLANG_WARN_OBJC_ROOT_CLASS = YES_ERROR;
				CLANG_WARN_QUOTED_INCLUDE_IN_FRAMEWORK_HEADER = YES;
				CLANG_WARN_RANGE_LOOP_ANALYSIS = YES;
				CLANG_WARN_STRICT_PROTOTYPES = YES;
				CLANG_WARN_SUSPICIOUS_MOVE = YES;
				CLANG_WARN_UNGUARDED_AVAILABILITY = YES_AGGRESSIVE;
				CLANG_WARN_UNREACHABLE_CODE = YES;
				CLANG_WARN__DUPLICATE_METHOD_MATCH = YES;
				COPY_PHASE_STRIP = NO;
				DEBUG_INFORMATION_FORMAT = "dwarf-with-dsym";
				ENABLE_NS_ASSERTIONS = NO;
				ENABLE_STRICT_OBJC_MSGSEND = YES;
				GCC_C_LANGUAGE_STANDARD = gnu11;
				GCC_NO_COMMON_BLOCKS = YES;
				GCC_WARN_64_TO_32_BIT_CONVERSION = YES;
				GCC_WARN_ABOUT_RETURN_TYPE = YES_ERROR;
				GCC_WARN_UNDECLARED_SELECTOR = YES;
				GCC_WARN_UNINITIALIZED_AUTOS = YES_AGGRESSIVE;
				GCC_WARN_UNUSED_FUNCTION = YES;
				GCC_WARN_UNUSED_VARIABLE = YES;
				MACOSX_DEPLOYMENT_TARGET = 12.1;
				MTL_ENABLE_DEBUG_INFO = NO;
				MTL_FAST_MATH = YES;
				SDKROOT = macosx;
				SWIFT_COMPILATION_MODE = wholemodule;
				SWIFT_OPTIMIZATION_LEVEL = "-O";
			};
			name = Release;
		};
		91717C702787800B00796FAB /* Debug */ = {
			isa = XCBuildConfiguration;
			buildSettings = {
				ASSETCATALOG_COMPILER_APPICON_NAME = AppIcon;
				ASSETCATALOG_COMPILER_GLOBAL_ACCENT_COLOR_NAME = AccentColor;
				CODE_SIGN_ENTITLEMENTS = Test_ListSelection/Test_ListSelection.entitlements;
				"CODE_SIGN_IDENTITY[sdk=macosx*]" = "-";
				CODE_SIGN_STYLE = Automatic;
				COMBINE_HIDPI_IMAGES = YES;
				CURRENT_PROJECT_VERSION = 1;
				DEVELOPMENT_ASSET_PATHS = "\"Test_ListSelection/Preview Content\"";
				DEVELOPMENT_TEAM = "";
				ENABLE_HARDENED_RUNTIME = YES;
				ENABLE_PREVIEWS = YES;
				GENERATE_INFOPLIST_FILE = YES;
				INFOPLIST_KEY_NSHumanReadableCopyright = "";
				LD_RUNPATH_SEARCH_PATHS = (
					"$(inherited)",
					"@executable_path/../Frameworks",
				);
				MACOSX_DEPLOYMENT_TARGET = 13.1;
				MARKETING_VERSION = 1.0;
				PRODUCT_BUNDLE_IDENTIFIER = "be.nelcea.test.Test-ListSelection";
				PRODUCT_NAME = "$(TARGET_NAME)";
				SWIFT_EMIT_LOC_STRINGS = YES;
				SWIFT_VERSION = 5.0;
			};
			name = Debug;
		};
		91717C712787800B00796FAB /* Release */ = {
			isa = XCBuildConfiguration;
			buildSettings = {
				ASSETCATALOG_COMPILER_APPICON_NAME = AppIcon;
				ASSETCATALOG_COMPILER_GLOBAL_ACCENT_COLOR_NAME = AccentColor;
				CODE_SIGN_ENTITLEMENTS = Test_ListSelection/Test_ListSelection.entitlements;
				"CODE_SIGN_IDENTITY[sdk=macosx*]" = "-";
				CODE_SIGN_STYLE = Automatic;
				COMBINE_HIDPI_IMAGES = YES;
				CURRENT_PROJECT_VERSION = 1;
				DEVELOPMENT_ASSET_PATHS = "\"Test_ListSelection/Preview Content\"";
				DEVELOPMENT_TEAM = "";
				ENABLE_HARDENED_RUNTIME = YES;
				ENABLE_PREVIEWS = YES;
				GENERATE_INFOPLIST_FILE = YES;
				INFOPLIST_KEY_NSHumanReadableCopyright = "";
				LD_RUNPATH_SEARCH_PATHS = (
					"$(inherited)",
					"@executable_path/../Frameworks",
				);
				MACOSX_DEPLOYMENT_TARGET = 13.1;
				MARKETING_VERSION = 1.0;
				PRODUCT_BUNDLE_IDENTIFIER = "be.nelcea.test.Test-ListSelection";
				PRODUCT_NAME = "$(TARGET_NAME)";
				SWIFT_EMIT_LOC_STRINGS = YES;
				SWIFT_VERSION = 5.0;
			};
			name = Release;
		};
/* End XCBuildConfiguration section */

/* Begin XCConfigurationList section */
		91717C5B2787800A00796FAB /* Build configuration list for PBXProject "Test_ListSelection" */ = {
			isa = XCConfigurationList;
			buildConfigurations = (
				91717C6D2787800B00796FAB /* Debug */,
				91717C6E2787800B00796FAB /* Release */,
			);
			defaultConfigurationIsVisible = 0;
			defaultConfigurationName = Release;
		};
		91717C6F2787800B00796FAB /* Build configuration list for PBXNativeTarget "Test_ListSelection" */ = {
			isa = XCConfigurationList;
			buildConfigurations = (
				91717C702787800B00796FAB /* Debug */,
				91717C712787800B00796FAB /* Release */,
			);
			defaultConfigurationIsVisible = 0;
			defaultConfigurationName = Release;
		};
/* End XCConfigurationList section */
	};
	rootObject = 91717C582787800A00796FAB /* Project object */;
}
